{
  "name": "centralized-boilerplate.package",
  "version": "1.0.2",
  "lockfileVersion": 1,
  "requires": true,
  "dependencies": {
    "centralized-boilerplate": {
      "version": "3.1.5",
      "resolved": "https://registry.npmjs.org/centralized-boilerplate/-/centralized-boilerplate-3.1.5.tgz",
      "integrity": "sha512-JE9mgZ3kIa+lqW/z7qYNBopZkqkVocE2FWAEes4sx6LlPrHIZaDDahzOxNt9HSoL34yU9eUygJLnj0p5p+99iQ==",
      "requires": {
        "lodash": "^4.17.21"
      }
    },
    "lodash": {
      "version": "4.17.21",
      "resolved": "https://registry.npmjs.org/lodash/-/lodash-4.17.21.tgz",
      "integrity": "sha512-v2kDEe57lecTulaDIuNTPy3Ry4gLGJ6Z1O3vE1krgXZNrsQ+LFTGHVxVjcXPs17LhbZVGedAJv8XZ1tvj5FvSg=="
    }
  }
}
