{
  "name": "centralized-boilerplate.package",
  "version": "1.0.0",
  "lockfileVersion": 1,
  "requires": true,
  "dependencies": {
    "centralized-boilerplate": {
      "version": "3.0.5",
      "resolved": "https://registry.npmjs.org/centralized-boilerplate/-/centralized-boilerplate-3.0.5.tgz",
      "integrity": "sha512-uI6tbv8pxc1VI1P7huGlJzhGhpNR2Gk0fjS100Y0cIp7pGjbisglm322BISuIXBpmGXDEtX+T2FsVxDqybVcVg==",
      "requires": {
        "lodash": "^4.17.20"
      }
    },
    "lodash": {
      "version": "4.17.21",
      "resolved": "https://registry.npmjs.org/lodash/-/lodash-4.17.21.tgz",
      "integrity": "sha512-v2kDEe57lecTulaDIuNTPy3Ry4gLGJ6Z1O3vE1krgXZNrsQ+LFTGHVxVjcXPs17LhbZVGedAJv8XZ1tvj5FvSg=="
    }
  }
}
